// !$*UTF8*$!
{
	archiveVersion = 1;
	classes = {
	};
	objectVersion = 51;
	objects = {

/* Begin PBXBuildFile section */
		12A9138725D98F1A00D2EEE0 /* AppDelegate.swift in Sources */ = {isa = PBXBuildFile; fileRef = 12A9138625D98F1A00D2EEE0 /* AppDelegate.swift */; };
		12A9138925D98F1A00D2EEE0 /* SceneDelegate.swift in Sources */ = {isa = PBXBuildFile; fileRef = 12A9138825D98F1A00D2EEE0 /* SceneDelegate.swift */; };
		12A9138B25D98F1A00D2EEE0 /* ViewController.swift in Sources */ = {isa = PBXBuildFile; fileRef = 12A9138A25D98F1A00D2EEE0 /* ViewController.swift */; };
		12A9138E25D98F1A00D2EEE0 /* Main.storyboard in Resources */ = {isa = PBXBuildFile; fileRef = 12A9138C25D98F1A00D2EEE0 /* Main.storyboard */; };
		12A9139025D98F1B00D2EEE0 /* Assets.xcassets in Resources */ = {isa = PBXBuildFile; fileRef = 12A9138F25D98F1B00D2EEE0 /* Assets.xcassets */; };
		12A9139325D98F1B00D2EEE0 /* LaunchScreen.storyboard in Resources */ = {isa = PBXBuildFile; fileRef = 12A9139125D98F1B00D2EEE0 /* LaunchScreen.storyboard */; };
		12A913A125D997AC00D2EEE0 /* iconRt.png in Resources */ = {isa = PBXBuildFile; fileRef = 12A913A025D997AC00D2EEE0 /* iconRt.png */; };
		2F2107ABFBDF2C85AF845339 /* Pods_demoGMaps.framework in Frameworks */ = {isa = PBXBuildFile; fileRef = 179A2AB84D148F84B64D1DC9 /* Pods_demoGMaps.framework */; };
/* End PBXBuildFile section */

/* Begin PBXFileReference section */
		12A9138325D98F1A00D2EEE0 /* demoGMaps.app */ = {isa = PBXFileReference; explicitFileType = wrapper.application; includeInIndex = 0; path = demoGMaps.app; sourceTree = BUILT_PRODUCTS_DIR; };
		12A9138625D98F1A00D2EEE0 /* AppDelegate.swift */ = {isa = PBXFileReference; lastKnownFileType = sourcecode.swift; path = AppDelegate.swift; sourceTree = "<group>"; };
		12A9138825D98F1A00D2EEE0 /* SceneDelegate.swift */ = {isa = PBXFileReference; lastKnownFileType = sourcecode.swift; path = SceneDelegate.swift; sourceTree = "<group>"; };
		12A9138A25D98F1A00D2EEE0 /* ViewController.swift */ = {isa = PBXFileReference; lastKnownFileType = sourcecode.swift; path = ViewController.swift; sourceTree = "<group>"; };
		12A9138D25D98F1A00D2EEE0 /* Base */ = {isa = PBXFileReference; lastKnownFileType = file.storyboard; name = Base; path = Base.lproj/Main.storyboard; sourceTree = "<group>"; };
		12A9138F25D98F1B00D2EEE0 /* Assets.xcassets */ = {isa = PBXFileReference; lastKnownFileType = folder.assetcatalog; path = Assets.xcassets; sourceTree = "<group>"; };
		12A9139225D98F1B00D2EEE0 /* Base */ = {isa = PBXFileReference; lastKnownFileType = file.storyboard; name = Base; path = Base.lproj/LaunchScreen.storyboard; sourceTree = "<group>"; };
		12A9139425D98F1B00D2EEE0 /* Info.plist */ = {isa = PBXFileReference; lastKnownFileType = text.plist.xml; path = Info.plist; sourceTree = "<group>"; };
		12A913A025D997AC00D2EEE0 /* iconRt.png */ = {isa = PBXFileReference; lastKnownFileType = image.png; path = iconRt.png; sourceTree = "<group>"; };
		179A2AB84D148F84B64D1DC9 /* Pods_demoGMaps.framework */ = {isa = PBXFileReference; explicitFileType = wrapper.framework; includeInIndex = 0; path = Pods_demoGMaps.framework; sourceTree = BUILT_PRODUCTS_DIR; };
		454B7073F6AD460839897E6D /* Pods-demoGMaps.debug.xcconfig */ = {isa = PBXFileReference; includeInIndex = 1; lastKnownFileType = text.xcconfig; name = "Pods-demoGMaps.debug.xcconfig"; path = "Target Support Files/Pods-demoGMaps/Pods-demoGMaps.debug.xcconfig"; sourceTree = "<group>"; };
		F0DB33F7EFBCB8C59B764EBC /* Pods-demoGMaps.release.xcconfig */ = {isa = PBXFileReference; includeInIndex = 1; lastKnownFileType = text.xcconfig; name = "Pods-demoGMaps.release.xcconfig"; path = "Target Support Files/Pods-demoGMaps/Pods-demoGMaps.release.xcconfig"; sourceTree = "<group>"; };
/* End PBXFileReference section */

/* Begin PBXFrameworksBuildPhase section */
		12A9138025D98F1A00D2EEE0 /* Frameworks */ = {
			isa = PBXFrameworksBuildPhase;
			buildActionMask = 2147483647;
			files = (
				2F2107ABFBDF2C85AF845339 /* Pods_demoGMaps.framework in Frameworks */,
			);
			runOnlyForDeploymentPostprocessing = 0;
		};
/* End PBXFrameworksBuildPhase section */

/* Begin PBXGroup section */
		12A9137A25D98F1A00D2EEE0 = {
			isa = PBXGroup;
			children = (
				12A9138525D98F1A00D2EEE0 /* demoGMaps */,
				12A9138425D98F1A00D2EEE0 /* Products */,
				738F7C706EC9080F6463E7FD /* Pods */,
				E8F65F98E416992B50D9F405 /* Frameworks */,
			);
			sourceTree = "<group>";
		};
		12A9138425D98F1A00D2EEE0 /* Products */ = {
			isa = PBXGroup;
			children = (
				12A9138325D98F1A00D2EEE0 /* demoGMaps.app */,
			);
			name = Products;
			sourceTree = "<group>";
		};
		12A9138525D98F1A00D2EEE0 /* demoGMaps */ = {
			isa = PBXGroup;
			children = (
				12A9138625D98F1A00D2EEE0 /* AppDelegate.swift */,
				12A9138825D98F1A00D2EEE0 /* SceneDelegate.swift */,
				12A9138A25D98F1A00D2EEE0 /* ViewController.swift */,
				12A9138C25D98F1A00D2EEE0 /* Main.storyboard */,
				12A9138F25D98F1B00D2EEE0 /* Assets.xcassets */,
				12A9139125D98F1B00D2EEE0 /* LaunchScreen.storyboard */,
				12A9139425D98F1B00D2EEE0 /* Info.plist */,
				12A913A025D997AC00D2EEE0 /* iconRt.png */,
			);
			path = demoGMaps;
			sourceTree = "<group>";
		};
		738F7C706EC9080F6463E7FD /* Pods */ = {
			isa = PBXGroup;
			children = (
				454B7073F6AD460839897E6D /* Pods-demoGMaps.debug.xcconfig */,
				F0DB33F7EFBCB8C59B764EBC /* Pods-demoGMaps.release.xcconfig */,
			);
			path = Pods;
			sourceTree = "<group>";
		};
		E8F65F98E416992B50D9F405 /* Frameworks */ = {
			isa = PBXGroup;
			children = (
				179A2AB84D148F84B64D1DC9 /* Pods_demoGMaps.framework */,
			);
			name = Frameworks;
			sourceTree = "<group>";
		};
/* End PBXGroup section */

/* Begin PBXNativeTarget section */
		12A9138225D98F1A00D2EEE0 /* demoGMaps */ = {
			isa = PBXNativeTarget;
			buildConfigurationList = 12A9139725D98F1B00D2EEE0 /* Build configuration list for PBXNativeTarget "demoGMaps" */;
			buildPhases = (
				57BD2D203ACE4CB31E380941 /* [CP] Check Pods Manifest.lock */,
				12A9137F25D98F1A00D2EEE0 /* Sources */,
				12A9138025D98F1A00D2EEE0 /* Frameworks */,
				12A9138125D98F1A00D2EEE0 /* Resources */,
				4FBFE9BA060005B98E3AD8A5 /* [CP] Copy Pods Resources */,
			);
			buildRules = (
			);
			dependencies = (
			);
			name = demoGMaps;
			productName = demoGMaps;
			productReference = 12A9138325D98F1A00D2EEE0 /* demoGMaps.app */;
			productType = "com.apple.product-type.application";
		};
/* End PBXNativeTarget section */

/* Begin PBXProject section */
		12A9137B25D98F1A00D2EEE0 /* Project object */ = {
			isa = PBXProject;
			attributes = {
				LastSwiftUpdateCheck = 1240;
				LastUpgradeCheck = 1240;
				TargetAttributes = {
					12A9138225D98F1A00D2EEE0 = {
						CreatedOnToolsVersion = 12.4;
					};
				};
			};
			buildConfigurationList = 12A9137E25D98F1A00D2EEE0 /* Build configuration list for PBXProject "demoGMaps" */;
			compatibilityVersion = "Xcode 9.3";
			developmentRegion = en;
			hasScannedForEncodings = 0;
			knownRegions = (
				en,
				Base,
			);
			mainGroup = 12A9137A25D98F1A00D2EEE0;
			productRefGroup = 12A9138425D98F1A00D2EEE0 /* Products */;
			projectDirPath = "";
			projectRoot = "";
			targets = (
				12A9138225D98F1A00D2EEE0 /* demoGMaps */,
			);
		};
/* End PBXProject section */

/* Begin PBXResourcesBuildPhase section */
		12A9138125D98F1A00D2EEE0 /* Resources */ = {
			isa = PBXResourcesBuildPhase;
			buildActionMask = 2147483647;
			files = (
				12A913A125D997AC00D2EEE0 /* iconRt.png in Resources */,
				12A9139325D98F1B00D2EEE0 /* LaunchScreen.storyboard in Resources */,
				12A9139025D98F1B00D2EEE0 /* Assets.xcassets in Resources */,
				12A9138E25D98F1A00D2EEE0 /* Main.storyboard in Resources */,
			);
			runOnlyForDeploymentPostprocessing = 0;
		};
/* End PBXResourcesBuildPhase section */

/* Begin PBXShellScriptBuildPhase section */
		4FBFE9BA060005B98E3AD8A5 /* [CP] Copy Pods Resources */ = {
			isa = PBXShellScriptBuildPhase;
			buildActionMask = 2147483647;
			files = (
			);
			inputFileListPaths = (
				"${PODS_ROOT}/Target Support Files/Pods-demoGMaps/Pods-demoGMaps-resources-${CONFIGURATION}-input-files.xcfilelist",
			);
			name = "[CP] Copy Pods Resources";
			outputFileListPaths = (
				"${PODS_ROOT}/Target Support Files/Pods-demoGMaps/Pods-demoGMaps-resources-${CONFIGURATION}-output-files.xcfilelist",
			);
			runOnlyForDeploymentPostprocessing = 0;
			shellPath = /bin/sh;
			shellScript = "\"${PODS_ROOT}/Target Support Files/Pods-demoGMaps/Pods-demoGMaps-resources.sh\"\n";
			showEnvVarsInLog = 0;
		};
		57BD2D203ACE4CB31E380941 /* [CP] Check Pods Manifest.lock */ = {
			isa = PBXShellScriptBuildPhase;
			buildActionMask = 2147483647;
			files = (
			);
			inputFileListPaths = (
			);
			inputPaths = (
				"${PODS_PODFILE_DIR_PATH}/Podfile.lock",
				"${PODS_ROOT}/Manifest.lock",
			);
			name = "[CP] Check Pods Manifest.lock";
			outputFileListPaths = (
			);
			outputPaths = (
				"$(DERIVED_FILE_DIR)/Pods-demoGMaps-checkManifestLockResult.txt",
			);
			runOnlyForDeploymentPostprocessing = 0;
			shellPath = /bin/sh;
			shellScript = "diff \"${PODS_PODFILE_DIR_PATH}/Podfile.lock\" \"${PODS_ROOT}/Manifest.lock\" > /dev/null\nif [ $? != 0 ] ; then\n    # print error to STDERR\n    echo \"error: The sandbox is not in sync with the Podfile.lock. Run 'pod install' or update your CocoaPods installation.\" >&2\n    exit 1\nfi\n# This output is used by Xcode 'outputs' to avoid re-running this script phase.\necho \"SUCCESS\" > \"${SCRIPT_OUTPUT_FILE_0}\"\n";
			showEnvVarsInLog = 0;
		};
/* End PBXShellScriptBuildPhase section */

/* Begin PBXSourcesBuildPhase section */
		12A9137F25D98F1A00D2EEE0 /* Sources */ = {
			isa = PBXSourcesBuildPhase;
			buildActionMask = 2147483647;
			files = (
				12A9138B25D98F1A00D2EEE0 /* ViewController.swift in Sources */,
				12A9138725D98F1A00D2EEE0 /* AppDelegate.swift in Sources */,
				12A9138925D98F1A00D2EEE0 /* SceneDelegate.swift in Sources */,
			);
			runOnlyForDeploymentPostprocessing = 0;
		};
/* End PBXSourcesBuildPhase section */

/* Begin PBXVariantGroup section */
		12A9138C25D98F1A00D2EEE0 /* Main.storyboard */ = {
			isa = PBXVariantGroup;
			children = (
				12A9138D25D98F1A00D2EEE0 /* Base */,
			);
			name = Main.storyboard;
			sourceTree = "<group>";
		};
		12A9139125D98F1B00D2EEE0 /* LaunchScreen.storyboard */ = {
			isa = PBXVariantGroup;
			children = (
				12A9139225D98F1B00D2EEE0 /* Base */,
			);
			name = LaunchScreen.storyboard;
			sourceTree = "<group>";
		};
/* End PBXVariantGroup section */

/* Begin XCBuildConfiguration section */
		12A9139525D98F1B00D2EEE0 /* Debug */ = {
			isa = XCBuildConfiguration;
			buildSettings = {
				ALWAYS_SEARCH_USER_PATHS = NO;
				CLANG_ANALYZER_NONNULL = YES;
				CLANG_ANALYZER_NUMBER_OBJECT_CONVERSION = YES_AGGRESSIVE;
				CLANG_CXX_LANGUAGE_STANDARD = "gnu++14";
				CLANG_CXX_LIBRARY = "libc++";
				CLANG_ENABLE_MODULES = YES;
				CLANG_ENABLE_OBJC_ARC = YES;
				CLANG_ENABLE_OBJC_WEAK = YES;
				CLANG_WARN_BLOCK_CAPTURE_AUTORELEASING = YES;
				CLANG_WARN_BOOL_CONVERSION = YES;
				CLANG_WARN_COMMA = YES;
				CLANG_WARN_CONSTANT_CONVERSION = YES;
				CLANG_WARN_DEPRECATED_OBJC_IMPLEMENTATIONS = YES;
				CLANG_WARN_DIRECT_OBJC_ISA_USAGE = YES_ERROR;
				CLANG_WARN_DOCUMENTATION_COMMENTS = YES;
				CLANG_WARN_EMPTY_BODY = YES;
				CLANG_WARN_ENUM_CONVERSION = YES;
				CLANG_WARN_INFINITE_RECURSION = YES;
				CLANG_WARN_INT_CONVERSION = YES;
				CLANG_WARN_NON_LITERAL_NULL_CONVERSION = YES;
				CLANG_WARN_OBJC_IMPLICIT_RETAIN_SELF = YES;
				CLANG_WARN_OBJC_LITERAL_CONVERSION = YES;
				CLANG_WARN_OBJC_ROOT_CLASS = YES_ERROR;
				CLANG_WARN_QUOTED_INCLUDE_IN_FRAMEWORK_HEADER = YES;
				CLANG_WARN_RANGE_LOOP_ANALYSIS = YES;
				CLANG_WARN_STRICT_PROTOTYPES = YES;
				CLANG_WARN_SUSPICIOUS_MOVE = YES;
				CLANG_WARN_UNGUARDED_AVAILABILITY = YES_AGGRESSIVE;
				CLANG_WARN_UNREACHABLE_CODE = YES;
				CLANG_WARN__DUPLICATE_METHOD_MATCH = YES;
				COPY_PHASE_STRIP = NO;
				DEBUG_INFORMATION_FORMAT = dwarf;
				ENABLE_STRICT_OBJC_MSGSEND = YES;
				ENABLE_TESTABILITY = YES;
				GCC_C_LANGUAGE_STANDARD = gnu11;
				GCC_DYNAMIC_NO_PIC = NO;
				GCC_NO_COMMON_BLOCKS = YES;
				GCC_OPTIMIZATION_LEVEL = 0;
				GCC_PREPROCESSOR_DEFINITIONS = (
					"DEBUG=1",
					"$(inherited)",
				);
				GCC_WARN_64_TO_32_BIT_CONVERSION = YES;
				GCC_WARN_ABOUT_RETURN_TYPE = YES_ERROR;
				GCC_WARN_UNDECLARED_SELECTOR = YES;
				GCC_WARN_UNINITIALIZED_AUTOS = YES_AGGRESSIVE;
				GCC_WARN_UNUSED_FUNCTION = YES;
				GCC_WARN_UNUSED_VARIABLE = YES;
				IPHONEOS_DEPLOYMENT_TARGET = 14.4;
				MTL_ENABLE_DEBUG_INFO = INCLUDE_SOURCE;
				MTL_FAST_MATH = YES;
				ONLY_ACTIVE_ARCH = YES;
				SDKROOT = iphoneos;
				SWIFT_ACTIVE_COMPILATION_CONDITIONS = DEBUG;
				SWIFT_OPTIMIZATION_LEVEL = "-Onone";
			};
			name = Debug;
		};
		12A9139625D98F1B00D2EEE0 /* Release */ = {
			isa = XCBuildConfiguration;
			buildSettings = {
				ALWAYS_SEARCH_USER_PATHS = NO;
				CLANG_ANALYZER_NONNULL = YES;
				CLANG_ANALYZER_NUMBER_OBJECT_CONVERSION = YES_AGGRESSIVE;
				CLANG_CXX_LANGUAGE_STANDARD = "gnu++14";
				CLANG_CXX_LIBRARY = "libc++";
				CLANG_ENABLE_MODULES = YES;
				CLANG_ENABLE_OBJC_ARC = YES;
				CLANG_ENABLE_OBJC_WEAK = YES;
				CLANG_WARN_BLOCK_CAPTURE_AUTORELEASING = YES;
				CLANG_WARN_BOOL_CONVERSION = YES;
				CLANG_WARN_COMMA = YES;
				CLANG_WARN_CONSTANT_CONVERSION = YES;
				CLANG_WARN_DEPRECATED_OBJC_IMPLEMENTATIONS = YES;
				CLANG_WARN_DIRECT_OBJC_ISA_USAGE = YES_ERROR;
				CLANG_WARN_DOCUMENTATION_COMMENTS = YES;
				CLANG_WARN_EMPTY_BODY = YES;
				CLANG_WARN_ENUM_CONVERSION = YES;
				CLANG_WARN_INFINITE_RECURSION = YES;
				CLANG_WARN_INT_CONVERSION = YES;
				CLANG_WARN_NON_LITERAL_NULL_CONVERSION = YES;
				CLANG_WARN_OBJC_IMPLICIT_RETAIN_SELF = YES;
				CLANG_WARN_OBJC_LITERAL_CONVERSION = YES;
				CLANG_WARN_OBJC_ROOT_CLASS = YES_ERROR;
				CLANG_WARN_QUOTED_INCLUDE_IN_FRAMEWORK_HEADER = YES;
				CLANG_WARN_RANGE_LOOP_ANALYSIS = YES;
				CLANG_WARN_STRICT_PROTOTYPES = YES;
				CLANG_WARN_SUSPICIOUS_MOVE = YES;
				CLANG_WARN_UNGUARDED_AVAILABILITY = YES_AGGRESSIVE;
				CLANG_WARN_UNREACHABLE_CODE = YES;
				CLANG_WARN__DUPLICATE_METHOD_MATCH = YES;
				COPY_PHASE_STRIP = NO;
				DEBUG_INFORMATION_FORMAT = "dwarf-with-dsym";
				ENABLE_NS_ASSERTIONS = NO;
				ENABLE_STRICT_OBJC_MSGSEND = YES;
				GCC_C_LANGUAGE_STANDARD = gnu11;
				GCC_NO_COMMON_BLOCKS = YES;
				GCC_WARN_64_TO_32_BIT_CONVERSION = YES;
				GCC_WARN_ABOUT_RETURN_TYPE = YES_ERROR;
				GCC_WARN_UNDECLARED_SELECTOR = YES;
				GCC_WARN_UNINITIALIZED_AUTOS = YES_AGGRESSIVE;
				GCC_WARN_UNUSED_FUNCTION = YES;
				GCC_WARN_UNUSED_VARIABLE = YES;
				IPHONEOS_DEPLOYMENT_TARGET = 14.4;
				MTL_ENABLE_DEBUG_INFO = NO;
				MTL_FAST_MATH = YES;
				SDKROOT = iphoneos;
				SWIFT_COMPILATION_MODE = wholemodule;
				SWIFT_OPTIMIZATION_LEVEL = "-O";
				VALIDATE_PRODUCT = YES;
			};
			name = Release;
		};
		12A9139825D98F1B00D2EEE0 /* Debug */ = {
			isa = XCBuildConfiguration;
			baseConfigurationReference = 454B7073F6AD460839897E6D /* Pods-demoGMaps.debug.xcconfig */;
			buildSettings = {
				ASSETCATALOG_COMPILER_APPICON_NAME = AppIcon;
				ASSETCATALOG_COMPILER_GLOBAL_ACCENT_COLOR_NAME = AccentColor;
				CODE_SIGN_STYLE = Automatic;
				INFOPLIST_FILE = demoGMaps/Info.plist;
				LD_RUNPATH_SEARCH_PATHS = (
					"$(inherited)",
					"@executable_path/Frameworks",
				);
				PRODUCT_BUNDLE_IDENTIFIER = com.academiamoviles.demoGMaps;
				PRODUCT_NAME = "$(TARGET_NAME)";
				SWIFT_VERSION = 5.0;
				TARGETED_DEVICE_FAMILY = "1,2";
			};
			name = Debug;
		};
		12A9139925D98F1B00D2EEE0 /* Release */ = {
			isa = XCBuildConfiguration;
			baseConfigurationReference = F0DB33F7EFBCB8C59B764EBC /* Pods-demoGMaps.release.xcconfig */;
			buildSettings = {
				ASSETCATALOG_COMPILER_APPICON_NAME = AppIcon;
				ASSETCATALOG_COMPILER_GLOBAL_ACCENT_COLOR_NAME = AccentColor;
				CODE_SIGN_STYLE = Automatic;
				INFOPLIST_FILE = demoGMaps/Info.plist;
				LD_RUNPATH_SEARCH_PATHS = (
					"$(inherited)",
					"@executable_path/Frameworks",
				);
				PRODUCT_BUNDLE_IDENTIFIER = com.academiamoviles.demoGMaps;
				PRODUCT_NAME = "$(TARGET_NAME)";
				SWIFT_VERSION = 5.0;
				TARGETED_DEVICE_FAMILY = "1,2";
			};
			name = Release;
		};
/* End XCBuildConfiguration section */

/* Begin XCConfigurationList section */
		12A9137E25D98F1A00D2EEE0 /* Build configuration list for PBXProject "demoGMaps" */ = {
			isa = XCConfigurationList;
			buildConfigurations = (
				12A9139525D98F1B00D2EEE0 /* Debug */,
				12A9139625D98F1B00D2EEE0 /* Release */,
			);
			defaultConfigurationIsVisible = 0;
			defaultConfigurationName = Release;
		};
		12A9139725D98F1B00D2EEE0 /* Build configuration list for PBXNativeTarget "demoGMaps" */ = {
			isa = XCConfigurationList;
			buildConfigurations = (
				12A9139825D98F1B00D2EEE0 /* Debug */,
				12A9139925D98F1B00D2EEE0 /* Release */,
			);
			defaultConfigurationIsVisible = 0;
			defaultConfigurationName = Release;
		};
/* End XCConfigurationList section */
	};
	rootObject = 12A9137B25D98F1A00D2EEE0 /* Project object */;
}
